<?xml version="1.0" encoding="UTF-8"?>
<Scheme
   LastUpgradeVersion = "0910"
   version = "1.7">
   <BuildAction
      parallelizeBuildables = "YES"
      buildImplicitDependencies = "YES">
      <PreActions>
         <ExecutionAction
            ActionType = "Xcode.IDEStandardExecutionActionsCore.ExecutionActionType.ShellScriptAction">
            <ActionContent
               title = "Run Script"
               scriptText = "# Set the build number to the count of Git commits&#10;cd ${PROJECT_DIR}&#10;buildNumber=$(git rev-list HEAD | wc -l | tr -d &apos; &apos;)&#10;/usr/libexec/PlistBuddy -c &quot;Set :CFBundleVersion $buildNumber&quot; &quot;${PROJECT_DIR}/${INFOPLIST_FILE}&quot;&#10;&#10;oldBuild=$(defaults read &quot;${PROJECT_DIR}/${INFOPLIST_FILE}&quot; CFBundleShortVersionString)&#10;defaults write &quot;${PROJECT_DIR}/${INFOPLIST_FILE}&quot; CFBundleShortVersionString-orginal ${oldBuild}&#10;defaults write &quot;${PROJECT_DIR}/${INFOPLIST_FILE}&quot; CFBundleShortVersionString &quot;${oldBuild}.${buildNumber}&quot;">
               <EnvironmentBuildable>
                  <BuildableReference
                     BuildableIdentifier = "primary"
                     BlueprintIdentifier = "84CC67DA1D30A18A00115C76"
                     BuildableName = "NoMAD.app"
                     BlueprintName = "NoMAD"
                     ReferencedContainer = "container:NoMAD.xcodeproj">
                  </BuildableReference>
               </EnvironmentBuildable>
            </ActionContent>
         </ExecutionAction>
      </PreActions>
      <PostActions>
         <ExecutionAction
            ActionType = "Xcode.IDEStandardExecutionActionsCore.ExecutionActionType.ShellScriptAction">
            <ActionContent
               title = "Run Script"
               scriptText = "oldBuild=$(defaults read &quot;${PROJECT_DIR}/${INFOPLIST_FILE}&quot; CFBundleShortVersionString-orginal)&#10;/usr/libexec/PlistBuddy -c &quot;Set :CFBundleShortVersionString ${oldBuild}&quot; &quot;${PROJECT_DIR}/${INFOPLIST_FILE}&quot;&#10;&#10;# Set the build number to &quot;DEVELOPMENT&quot;&#10;/usr/libexec/PlistBuddy -c &quot;Set :CFBundleVersion DEVELOPMENT&quot; &quot;${PROJECT_DIR}/${INFOPLIST_FILE}&quot;&#10;">
               <EnvironmentBuildable>
                  <BuildableReference
                     BuildableIdentifier = "primary"
                     BlueprintIdentifier = "84CC67DA1D30A18A00115C76"
                     BuildableName = "NoMAD.app"
                     BlueprintName = "NoMAD"
                     ReferencedContainer = "container:NoMAD.xcodeproj">
                  </BuildableReference>
               </EnvironmentBuildable>
            </ActionContent>
         </ExecutionAction>
      </PostActions>
      <BuildActionEntries>
         <BuildActionEntry
            buildForTesting = "YES"
            buildForRunning = "YES"
            buildForProfiling = "YES"
            buildForArchiving = "YES"
            buildForAnalyzing = "YES">
            <BuildableReference
               BuildableIdentifier = "primary"
               BlueprintIdentifier = "84CC67DA1D30A18A00115C76"
               BuildableName = "NoMAD.app"
               BlueprintName = "NoMAD"
               ReferencedContainer = "container:NoMAD.xcodeproj">
            </BuildableReference>
         </BuildActionEntry>
      </BuildActionEntries>
   </BuildAction>
   <TestAction
      buildConfiguration = "Debug"
      selectedDebuggerIdentifier = "Xcode.DebuggerFoundation.Debugger.LLDB"
      selectedLauncherIdentifier = "Xcode.DebuggerFoundation.Launcher.LLDB"
      codeCoverageEnabled = "YES"
      shouldUseLaunchSchemeArgsEnv = "YES">
      <Testables>
         <TestableReference
            skipped = "NO">
            <BuildableReference
               BuildableIdentifier = "primary"
               BlueprintIdentifier = "BF3432491D52844300CE8F89"
               BuildableName = "NoMADTests.xctest"
               BlueprintName = "NoMADTests"
               ReferencedContainer = "container:NoMAD.xcodeproj">
            </BuildableReference>
         </TestableReference>
      </Testables>
      <MacroExpansion>
         <BuildableReference
            BuildableIdentifier = "primary"
            BlueprintIdentifier = "84CC67DA1D30A18A00115C76"
            BuildableName = "NoMAD.app"
            BlueprintName = "NoMAD"
            ReferencedContainer = "container:NoMAD.xcodeproj">
         </BuildableReference>
      </MacroExpansion>
      <AdditionalOptions>
      </AdditionalOptions>
   </TestAction>
   <LaunchAction
      buildConfiguration = "Debug"
      selectedDebuggerIdentifier = "Xcode.DebuggerFoundation.Debugger.LLDB"
      selectedLauncherIdentifier = "Xcode.DebuggerFoundation.Launcher.LLDB"
      launchStyle = "0"
      useCustomWorkingDirectory = "NO"
      ignoresPersistentStateOnLaunch = "NO"
      debugDocumentVersioning = "YES"
      debugServiceExtension = "internal"
      allowLocationSimulation = "YES">
      <BuildableProductRunnable
         runnableDebuggingMode = "0">
         <BuildableReference
            BuildableIdentifier = "primary"
            BlueprintIdentifier = "84CC67DA1D30A18A00115C76"
            BuildableName = "NoMAD.app"
            BlueprintName = "NoMAD"
            ReferencedContainer = "container:NoMAD.xcodeproj">
         </BuildableReference>
      </BuildableProductRunnable>
      <CommandLineArguments>
         <CommandLineArgument
            argument = "-v"
            isEnabled = "YES">
         </CommandLineArgument>
         <CommandLineArgument
            argument = "-prefs"
            isEnabled = "YES">
         </CommandLineArgument>
         <CommandLineArgument
            argument = "-shares"
            isEnabled = "NO">
         </CommandLineArgument>
         <CommandLineArgument
            argument = "-rawLDAP"
            isEnabled = "YES">
         </CommandLineArgument>
      </CommandLineArguments>
      <AdditionalOptions>
      </AdditionalOptions>
   </LaunchAction>
   <ProfileAction
      buildConfiguration = "Release"
      shouldUseLaunchSchemeArgsEnv = "YES"
      savedToolIdentifier = ""
      useCustomWorkingDirectory = "NO"
      debugDocumentVersioning = "YES">
      <BuildableProductRunnable
         runnableDebuggingMode = "0">
         <BuildableReference
            BuildableIdentifier = "primary"
            BlueprintIdentifier = "84CC67DA1D30A18A00115C76"
            BuildableName = "NoMAD.app"
            BlueprintName = "NoMAD"
            ReferencedContainer = "container:NoMAD.xcodeproj">
         </BuildableReference>
      </BuildableProductRunnable>
   </ProfileAction>
   <AnalyzeAction
      buildConfiguration = "Debug">
   </AnalyzeAction>
   <ArchiveAction
      buildConfiguration = "Release"
      revealArchiveInOrganizer = "YES">
   </ArchiveAction>
</Scheme>
